
Microsoft Visual Studio Solution File, Format Version 12.00
# Visual Studio Version 17
VisualStudioVersion = 17.0.31903.59
MinimumVisualStudioVersion = 10.0.40219.1
Project("{FAE04EC0-301F-11D3-BF4B-00C04F79EFBC}") = "HOWA.Domain", "HOWA.Domain\HOWA.Domain.csproj", "{8D789DAD-D84B-46B3-8EA1-FE0D0DCC98B0}"
EndProject
Project("{FAE04EC0-301F-11D3-BF4B-00C04F79EFBC}") = "HOWA.Repository", "HOWA.Repository\HOWA.Repository.csproj", "{6AF2B8FB-B8CB-43F1-8C1A-D0396C34A596}"
EndProject
Project("{FAE04EC0-301F-11D3-BF4B-00C04F79EFBC}") = "HOWA.Framework", "HOWA.Framework\HOWA.Framework.csproj", "{8484BD1A-ECA0-4C4B-8989-3F744234CB76}"
EndProject
Project("{FAE04EC0-301F-11D3-BF4B-00C04F79EFBC}") = "HOWA.Shared", "HOWA.Shared\HOWA.Shared.csproj", "{B3370548-15F2-4F7A-A1C5-8C580E8E622A}"
EndProject
Project("{FAE04EC0-301F-11D3-BF4B-00C04F79EFBC}") = "HOWA.Admin", "HOWA.Admin\HOWA.Admin.csproj", "{381E45DC-4C3C-4697-BDC9-5CACBAB6E8BD}"
EndProject
Project("{FAE04EC0-301F-11D3-BF4B-00C04F79EFBC}") = "HOWA.Mobile", "HOWA.Mobile\HOWA.Mobile.csproj", "{F431339A-C74E-4325-82B1-2A3741A899D1}"
EndProject
Global
	GlobalSection(SolutionConfigurationPlatforms) = preSolution
		Debug|Any CPU = Debug|Any CPU
		Debug|x64 = Debug|x64
		Debug|x86 = Debug|x86
		Release|Any CPU = Release|Any CPU
		Release|x64 = Release|x64
		Release|x86 = Release|x86
	EndGlobalSection
	GlobalSection(ProjectConfigurationPlatforms) = postSolution
		{8D789DAD-D84B-46B3-8EA1-FE0D0DCC98B0}.Debug|Any CPU.ActiveCfg = Debug|Any CPU
		{8D789DAD-D84B-46B3-8EA1-FE0D0DCC98B0}.Debug|Any CPU.Build.0 = Debug|Any CPU
		{8D789DAD-D84B-46B3-8EA1-FE0D0DCC98B0}.Debug|x64.ActiveCfg = Debug|Any CPU
		{8D789DAD-D84B-46B3-8EA1-FE0D0DCC98B0}.Debug|x64.Build.0 = Debug|Any CPU
		{8D789DAD-D84B-46B3-8EA1-FE0D0DCC98B0}.Debug|x86.ActiveCfg = Debug|Any CPU
		{8D789DAD-D84B-46B3-8EA1-FE0D0DCC98B0}.Debug|x86.Build.0 = Debug|Any CPU
		{8D789DAD-D84B-46B3-8EA1-FE0D0DCC98B0}.Release|Any CPU.ActiveCfg = Release|Any CPU
		{8D789DAD-D84B-46B3-8EA1-FE0D0DCC98B0}.Release|Any CPU.Build.0 = Release|Any CPU
		{8D789DAD-D84B-46B3-8EA1-FE0D0DCC98B0}.Release|x64.ActiveCfg = Release|Any CPU
		{8D789DAD-D84B-46B3-8EA1-FE0D0DCC98B0}.Release|x64.Build.0 = Release|Any CPU
		{8D789DAD-D84B-46B3-8EA1-FE0D0DCC98B0}.Release|x86.ActiveCfg = Release|Any CPU
		{8D789DAD-D84B-46B3-8EA1-FE0D0DCC98B0}.Release|x86.Build.0 = Release|Any CPU
		{6AF2B8FB-B8CB-43F1-8C1A-D0396C34A596}.Debug|Any CPU.ActiveCfg = Debug|Any CPU
		{6AF2B8FB-B8CB-43F1-8C1A-D0396C34A596}.Debug|Any CPU.Build.0 = Debug|Any CPU
		{6AF2B8FB-B8CB-43F1-8C1A-D0396C34A596}.Debug|x64.ActiveCfg = Debug|Any CPU
		{6AF2B8FB-B8CB-43F1-8C1A-D0396C34A596}.Debug|x64.Build.0 = Debug|Any CPU
		{6AF2B8FB-B8CB-43F1-8C1A-D0396C34A596}.Debug|x86.ActiveCfg = Debug|Any CPU
		{6AF2B8FB-B8CB-43F1-8C1A-D0396C34A596}.Debug|x86.Build.0 = Debug|Any CPU
		{6AF2B8FB-B8CB-43F1-8C1A-D0396C34A596}.Release|Any CPU.ActiveCfg = Release|Any CPU
		{6AF2B8FB-B8CB-43F1-8C1A-D0396C34A596}.Release|Any CPU.Build.0 = Release|Any CPU
		{6AF2B8FB-B8CB-43F1-8C1A-D0396C34A596}.Release|x64.ActiveCfg = Release|Any CPU
		{6AF2B8FB-B8CB-43F1-8C1A-D0396C34A596}.Release|x64.Build.0 = Release|Any CPU
		{6AF2B8FB-B8CB-43F1-8C1A-D0396C34A596}.Release|x86.ActiveCfg = Release|Any CPU
		{6AF2B8FB-B8CB-43F1-8C1A-D0396C34A596}.Release|x86.Build.0 = Release|Any CPU
		{8484BD1A-ECA0-4C4B-8989-3F744234CB76}.Debug|Any CPU.ActiveCfg = Debug|Any CPU
		{8484BD1A-ECA0-4C4B-8989-3F744234CB76}.Debug|Any CPU.Build.0 = Debug|Any CPU
		{8484BD1A-ECA0-4C4B-8989-3F744234CB76}.Debug|x64.ActiveCfg = Debug|Any CPU
		{8484BD1A-ECA0-4C4B-8989-3F744234CB76}.Debug|x64.Build.0 = Debug|Any CPU
		{8484BD1A-ECA0-4C4B-8989-3F744234CB76}.Debug|x86.ActiveCfg = Debug|Any CPU
		{8484BD1A-ECA0-4C4B-8989-3F744234CB76}.Debug|x86.Build.0 = Debug|Any CPU
		{8484BD1A-ECA0-4C4B-8989-3F744234CB76}.Release|Any CPU.ActiveCfg = Release|Any CPU
		{8484BD1A-ECA0-4C4B-8989-3F744234CB76}.Release|Any CPU.Build.0 = Release|Any CPU
		{8484BD1A-ECA0-4C4B-8989-3F744234CB76}.Release|x64.ActiveCfg = Release|Any CPU
		{8484BD1A-ECA0-4C4B-8989-3F744234CB76}.Release|x64.Build.0 = Release|Any CPU
		{8484BD1A-ECA0-4C4B-8989-3F744234CB76}.Release|x86.ActiveCfg = Release|Any CPU
		{8484BD1A-ECA0-4C4B-8989-3F744234CB76}.Release|x86.Build.0 = Release|Any CPU
		{B3370548-15F2-4F7A-A1C5-8C580E8E622A}.Debug|Any CPU.ActiveCfg = Debug|Any CPU
		{B3370548-15F2-4F7A-A1C5-8C580E8E622A}.Debug|Any CPU.Build.0 = Debug|Any CPU
		{B3370548-15F2-4F7A-A1C5-8C580E8E622A}.Debug|x64.ActiveCfg = Debug|Any CPU
		{B3370548-15F2-4F7A-A1C5-8C580E8E622A}.Debug|x64.Build.0 = Debug|Any CPU
		{B3370548-15F2-4F7A-A1C5-8C580E8E622A}.Debug|x86.ActiveCfg = Debug|Any CPU
		{B3370548-15F2-4F7A-A1C5-8C580E8E622A}.Debug|x86.Build.0 = Debug|Any CPU
		{B3370548-15F2-4F7A-A1C5-8C580E8E622A}.Release|Any CPU.ActiveCfg = Release|Any CPU
		{B3370548-15F2-4F7A-A1C5-8C580E8E622A}.Release|Any CPU.Build.0 = Release|Any CPU
		{B3370548-15F2-4F7A-A1C5-8C580E8E622A}.Release|x64.ActiveCfg = Release|Any CPU
		{B3370548-15F2-4F7A-A1C5-8C580E8E622A}.Release|x64.Build.0 = Release|Any CPU
		{B3370548-15F2-4F7A-A1C5-8C580E8E622A}.Release|x86.ActiveCfg = Release|Any CPU
		{B3370548-15F2-4F7A-A1C5-8C580E8E622A}.Release|x86.Build.0 = Release|Any CPU
		{381E45DC-4C3C-4697-BDC9-5CACBAB6E8BD}.Debug|Any CPU.ActiveCfg = Debug|Any CPU
		{381E45DC-4C3C-4697-BDC9-5CACBAB6E8BD}.Debug|Any CPU.Build.0 = Debug|Any CPU
		{381E45DC-4C3C-4697-BDC9-5CACBAB6E8BD}.Debug|x64.ActiveCfg = Debug|Any CPU
		{381E45DC-4C3C-4697-BDC9-5CACBAB6E8BD}.Debug|x64.Build.0 = Debug|Any CPU
		{381E45DC-4C3C-4697-BDC9-5CACBAB6E8BD}.Debug|x86.ActiveCfg = Debug|Any CPU
		{381E45DC-4C3C-4697-BDC9-5CACBAB6E8BD}.Debug|x86.Build.0 = Debug|Any CPU
		{381E45DC-4C3C-4697-BDC9-5CACBAB6E8BD}.Release|Any CPU.ActiveCfg = Release|Any CPU
		{381E45DC-4C3C-4697-BDC9-5CACBAB6E8BD}.Release|Any CPU.Build.0 = Release|Any CPU
		{381E45DC-4C3C-4697-BDC9-5CACBAB6E8BD}.Release|x64.ActiveCfg = Release|Any CPU
		{381E45DC-4C3C-4697-BDC9-5CACBAB6E8BD}.Release|x64.Build.0 = Release|Any CPU
		{381E45DC-4C3C-4697-BDC9-5CACBAB6E8BD}.Release|x86.ActiveCfg = Release|Any CPU
		{381E45DC-4C3C-4697-BDC9-5CACBAB6E8BD}.Release|x86.Build.0 = Release|Any CPU
		{F431339A-C74E-4325-82B1-2A3741A899D1}.Debug|Any CPU.ActiveCfg = Debug|Any CPU
		{F431339A-C74E-4325-82B1-2A3741A899D1}.Debug|Any CPU.Build.0 = Debug|Any CPU
		{F431339A-C74E-4325-82B1-2A3741A899D1}.Debug|x64.ActiveCfg = Debug|Any CPU
		{F431339A-C74E-4325-82B1-2A3741A899D1}.Debug|x64.Build.0 = Debug|Any CPU
		{F431339A-C74E-4325-82B1-2A3741A899D1}.Debug|x86.ActiveCfg = Debug|Any CPU
		{F431339A-C74E-4325-82B1-2A3741A899D1}.Debug|x86.Build.0 = Debug|Any CPU
		{F431339A-C74E-4325-82B1-2A3741A899D1}.Release|Any CPU.ActiveCfg = Release|Any CPU
		{F431339A-C74E-4325-82B1-2A3741A899D1}.Release|Any CPU.Build.0 = Release|Any CPU
		{F431339A-C74E-4325-82B1-2A3741A899D1}.Release|x64.ActiveCfg = Release|Any CPU
		{F431339A-C74E-4325-82B1-2A3741A899D1}.Release|x64.Build.0 = Release|Any CPU
		{F431339A-C74E-4325-82B1-2A3741A899D1}.Release|x86.ActiveCfg = Release|Any CPU
		{F431339A-C74E-4325-82B1-2A3741A899D1}.Release|x86.Build.0 = Release|Any CPU
	EndGlobalSection
	GlobalSection(SolutionProperties) = preSolution
		HideSolutionNode = FALSE
	EndGlobalSection
EndGlobal
